// !$*UTF8*$!
{
	archiveVersion = 1;
	classes = {
	};
	objectVersion = 46;
	objects = {

/* Begin PBXBuildFile section */
		140AD8131E0BA0DA008C01A1 /* AppDelegate.swift in Sources */ = {isa = PBXBuildFile; fileRef = 140AD8121E0BA0DA008C01A1 /* AppDelegate.swift */; };
		140AD8151E0BA0DA008C01A1 /* ViewController.swift in Sources */ = {isa = PBXBuildFile; fileRef = 140AD8141E0BA0DA008C01A1 /* ViewController.swift */; };
		140AD81A1E0BA0DA008C01A1 /* Assets.xcassets in Resources */ = {isa = PBXBuildFile; fileRef = 140AD8191E0BA0DA008C01A1 /* Assets.xcassets */; };
		140AD81D1E0BA0DA008C01A1 /* LaunchScreen.storyboard in Resources */ = {isa = PBXBuildFile; fileRef = 140AD81B1E0BA0DA008C01A1 /* LaunchScreen.storyboard */; };
/* End PBXBuildFile section */

/* Begin PBXFileReference section */
		140AD80F1E0BA0DA008C01A1 /* AC3.2-Programmatic-Layout-Practice.app */ = {isa = PBXFileReference; explicitFileType = wrapper.application; includeInIndex = 0; path = "AC3.2-Programmatic-Layout-Practice.app"; sourceTree = BUILT_PRODUCTS_DIR; };
		140AD8121E0BA0DA008C01A1 /* AppDelegate.swift */ = {isa = PBXFileReference; lastKnownFileType = sourcecode.swift; path = AppDelegate.swift; sourceTree = "<group>"; };
		140AD8141E0BA0DA008C01A1 /* ViewController.swift */ = {isa = PBXFileReference; lastKnownFileType = sourcecode.swift; path = ViewController.swift; sourceTree = "<group>"; };
		140AD8191E0BA0DA008C01A1 /* Assets.xcassets */ = {isa = PBXFileReference; lastKnownFileType = folder.assetcatalog; path = Assets.xcassets; sourceTree = "<group>"; };
		140AD81C1E0BA0DA008C01A1 /* Base */ = {isa = PBXFileReference; lastKnownFileType = file.storyboard; name = Base; path = Base.lproj/LaunchScreen.storyboard; sourceTree = "<group>"; };
		140AD81E1E0BA0DA008C01A1 /* Info.plist */ = {isa = PBXFileReference; lastKnownFileType = text.plist.xml; path = Info.plist; sourceTree = "<group>"; };
/* End PBXFileReference section */

/* Begin PBXFrameworksBuildPhase section */
		140AD80C1E0BA0DA008C01A1 /* Frameworks */ = {
			isa = PBXFrameworksBuildPhase;
			buildActionMask = 2147483647;
			files = (
			);
			runOnlyForDeploymentPostprocessing = 0;
		};
/* End PBXFrameworksBuildPhase section */

/* Begin PBXGroup section */
		140AD8061E0BA0DA008C01A1 = {
			isa = PBXGroup;
			children = (
				140AD8111E0BA0DA008C01A1 /* AC3.2-Programmatic-Layout-Practice */,
				140AD8101E0BA0DA008C01A1 /* Products */,
			);
			sourceTree = "<group>";
		};
		140AD8101E0BA0DA008C01A1 /* Products */ = {
			isa = PBXGroup;
			children = (
				140AD80F1E0BA0DA008C01A1 /* AC3.2-Programmatic-Layout-Practice.app */,
			);
			name = Products;
			sourceTree = "<group>";
		};
		140AD8111E0BA0DA008C01A1 /* AC3.2-Programmatic-Layout-Practice */ = {
			isa = PBXGroup;
			children = (
				140AD8141E0BA0DA008C01A1 /* ViewController.swift */,
				140AD8241E0BA0F6008C01A1 /* Supporting Files */,
			);
			path = "AC3.2-Programmatic-Layout-Practice";
			sourceTree = "<group>";
		};
		140AD8241E0BA0F6008C01A1 /* Supporting Files */ = {
			isa = PBXGroup;
			children = (
				140AD8121E0BA0DA008C01A1 /* AppDelegate.swift */,
				140AD8191E0BA0DA008C01A1 /* Assets.xcassets */,
				140AD81B1E0BA0DA008C01A1 /* LaunchScreen.storyboard */,
				140AD81E1E0BA0DA008C01A1 /* Info.plist */,
			);
			name = "Supporting Files";
			sourceTree = "<group>";
		};
/* End PBXGroup section */

/* Begin PBXNativeTarget section */
		140AD80E1E0BA0DA008C01A1 /* AC3.2-Programmatic-Layout-Practice */ = {
			isa = PBXNativeTarget;
			buildConfigurationList = 140AD8211E0BA0DA008C01A1 /* Build configuration list for PBXNativeTarget "AC3.2-Programmatic-Layout-Practice" */;
			buildPhases = (
				140AD80B1E0BA0DA008C01A1 /* Sources */,
				140AD80C1E0BA0DA008C01A1 /* Frameworks */,
				140AD80D1E0BA0DA008C01A1 /* Resources */,
			);
			buildRules = (
			);
			dependencies = (
			);
			name = "AC3.2-Programmatic-Layout-Practice";
			productName = "AC3.2-Programmatic-Layout-Practice";
			productReference = 140AD80F1E0BA0DA008C01A1 /* AC3.2-Programmatic-Layout-Practice.app */;
			productType = "com.apple.product-type.application";
		};
/* End PBXNativeTarget section */

/* Begin PBXProject section */
		140AD8071E0BA0DA008C01A1 /* Project object */ = {
			isa = PBXProject;
			attributes = {
				LastSwiftUpdateCheck = 0820;
				LastUpgradeCheck = 0820;
				ORGANIZATIONNAME = C4Q;
				TargetAttributes = {
					140AD80E1E0BA0DA008C01A1 = {
						CreatedOnToolsVersion = 8.2;
						ProvisioningStyle = Automatic;
					};
				};
			};
			buildConfigurationList = 140AD80A1E0BA0DA008C01A1 /* Build configuration list for PBXProject "AC3.2-Programmatic-Layout-Practice" */;
			compatibilityVersion = "Xcode 3.2";
			developmentRegion = English;
			hasScannedForEncodings = 0;
			knownRegions = (
				en,
				Base,
			);
			mainGroup = 140AD8061E0BA0DA008C01A1;
			productRefGroup = 140AD8101E0BA0DA008C01A1 /* Products */;
			projectDirPath = "";
			projectRoot = "";
			targets = (
				140AD80E1E0BA0DA008C01A1 /* AC3.2-Programmatic-Layout-Practice */,
			);
		};
/* End PBXProject section */

/* Begin PBXResourcesBuildPhase section */
		140AD80D1E0BA0DA008C01A1 /* Resources */ = {
			isa = PBXResourcesBuildPhase;
			buildActionMask = 2147483647;
			files = (
				140AD81D1E0BA0DA008C01A1 /* LaunchScreen.storyboard in Resources */,
				140AD81A1E0BA0DA008C01A1 /* Assets.xcassets in Resources */,
			);
			runOnlyForDeploymentPostprocessing = 0;
		};
/* End PBXResourcesBuildPhase section */

/* Begin PBXSourcesBuildPhase section */
		140AD80B1E0BA0DA008C01A1 /* Sources */ = {
			isa = PBXSourcesBuildPhase;
			buildActionMask = 2147483647;
			files = (
				140AD8151E0BA0DA008C01A1 /* ViewController.swift in Sources */,
				140AD8131E0BA0DA008C01A1 /* AppDelegate.swift in Sources */,
			);
			runOnlyForDeploymentPostprocessing = 0;
		};
/* End PBXSourcesBuildPhase section */

/* Begin PBXVariantGroup section */
		140AD81B1E0BA0DA008C01A1 /* LaunchScreen.storyboard */ = {
			isa = PBXVariantGroup;
			children = (
				140AD81C1E0BA0DA008C01A1 /* Base */,
			);
			name = LaunchScreen.storyboard;
			sourceTree = "<group>";
		};
/* End PBXVariantGroup section */

/* Begin XCBuildConfiguration section */
		140AD81F1E0BA0DA008C01A1 /* Debug */ = {
			isa = XCBuildConfiguration;
			buildSettings = {
				ALWAYS_SEARCH_USER_PATHS = NO;
				CLANG_ANALYZER_NONNULL = YES;
				CLANG_CXX_LANGUAGE_STANDARD = "gnu++0x";
				CLANG_CXX_LIBRARY = "libc++";
				CLANG_ENABLE_MODULES = YES;
				CLANG_ENABLE_OBJC_ARC = YES;
				CLANG_WARN_BOOL_CONVERSION = YES;
				CLANG_WARN_CONSTANT_CONVERSION = YES;
				CLANG_WARN_DIRECT_OBJC_ISA_USAGE = YES_ERROR;
				CLANG_WARN_DOCUMENTATION_COMMENTS = YES;
				CLANG_WARN_EMPTY_BODY = YES;
				CLANG_WARN_ENUM_CONVERSION = YES;
				CLANG_WARN_INFINITE_RECURSION = YES;
				CLANG_WARN_INT_CONVERSION = YES;
				CLANG_WARN_OBJC_ROOT_CLASS = YES_ERROR;
				CLANG_WARN_SUSPICIOUS_MOVE = YES;
				CLANG_WARN_UNREACHABLE_CODE = YES;
				CLANG_WARN__DUPLICATE_METHOD_MATCH = YES;
				"CODE_SIGN_IDENTITY[sdk=iphoneos*]" = "iPhone Developer";
				COPY_PHASE_STRIP = NO;
				DEBUG_INFORMATION_FORMAT = dwarf;
				ENABLE_STRICT_OBJC_MSGSEND = YES;
				ENABLE_TESTABILITY = YES;
				GCC_C_LANGUAGE_STANDARD = gnu99;
				GCC_DYNAMIC_NO_PIC = NO;
				GCC_NO_COMMON_BLOCKS = YES;
				GCC_OPTIMIZATION_LEVEL = 0;
				GCC_PREPROCESSOR_DEFINITIONS = (
					"DEBUG=1",
					"$(inherited)",
				);
				GCC_WARN_64_TO_32_BIT_CONVERSION = YES;
				GCC_WARN_ABOUT_RETURN_TYPE = YES_ERROR;
				GCC_WARN_UNDECLARED_SELECTOR = YES;
				GCC_WARN_UNINITIALIZED_AUTOS = YES_AGGRESSIVE;
				GCC_WARN_UNUSED_FUNCTION = YES;
				GCC_WARN_UNUSED_VARIABLE = YES;
				IPHONEOS_DEPLOYMENT_TARGET = 10.2;
				MTL_ENABLE_DEBUG_INFO = YES;
				ONLY_ACTIVE_ARCH = YES;
				SDKROOT = iphoneos;
				SWIFT_ACTIVE_COMPILATION_CONDITIONS = DEBUG;
				SWIFT_OPTIMIZATION_LEVEL = "-Onone";
			};
			name = Debug;
		};
		140AD8201E0BA0DA008C01A1 /* Release */ = {
			isa = XCBuildConfiguration;
			buildSettings = {
				ALWAYS_SEARCH_USER_PATHS = NO;
				CLANG_ANALYZER_NONNULL = YES;
				CLANG_CXX_LANGUAGE_STANDARD = "gnu++0x";
				CLANG_CXX_LIBRARY = "libc++";
				CLANG_ENABLE_MODULES = YES;
				CLANG_ENABLE_OBJC_ARC = YES;
				CLANG_WARN_BOOL_CONVERSION = YES;
				CLANG_WARN_CONSTANT_CONVERSION = YES;
				CLANG_WARN_DIRECT_OBJC_ISA_USAGE = YES_ERROR;
				CLANG_WARN_DOCUMENTATION_COMMENTS = YES;
				CLANG_WARN_EMPTY_BODY = YES;
				CLANG_WARN_ENUM_CONVERSION = YES;
				CLANG_WARN_INFINITE_RECURSION = YES;
				CLANG_WARN_INT_CONVERSION = YES;
				CLANG_WARN_OBJC_ROOT_CLASS = YES_ERROR;
				CLANG_WARN_SUSPICIOUS_MOVE = YES;
				CLANG_WARN_UNREACHABLE_CODE = YES;
				CLANG_WARN__DUPLICATE_METHOD_MATCH = YES;
				"CODE_SIGN_IDENTITY[sdk=iphoneos*]" = "iPhone Developer";
				COPY_PHASE_STRIP = NO;
				DEBUG_INFORMATION_FORMAT = "dwarf-with-dsym";
				ENABLE_NS_ASSERTIONS = NO;
				ENABLE_STRICT_OBJC_MSGSEND = YES;
				GCC_C_LANGUAGE_STANDARD = gnu99;
				GCC_NO_COMMON_BLOCKS = YES;
				GCC_WARN_64_TO_32_BIT_CONVERSION = YES;
				GCC_WARN_ABOUT_RETURN_TYPE = YES_ERROR;
				GCC_WARN_UNDECLARED_SELECTOR = YES;
				GCC_WARN_UNINITIALIZED_AUTOS = YES_AGGRESSIVE;
				GCC_WARN_UNUSED_FUNCTION = YES;
				GCC_WARN_UNUSED_VARIABLE = YES;
				IPHONEOS_DEPLOYMENT_TARGET = 10.2;
				MTL_ENABLE_DEBUG_INFO = NO;
				SDKROOT = iphoneos;
				SWIFT_OPTIMIZATION_LEVEL = "-Owholemodule";
				VALIDATE_PRODUCT = YES;
			};
			name = Release;
		};
		140AD8221E0BA0DA008C01A1 /* Debug */ = {
			isa = XCBuildConfiguration;
			buildSettings = {
				ASSETCATALOG_COMPILER_APPICON_NAME = AppIcon;
				INFOPLIST_FILE = "AC3.2-Programmatic-Layout-Practice/Info.plist";
				IPHONEOS_DEPLOYMENT_TARGET = 10.0;
				LD_RUNPATH_SEARCH_PATHS = "$(inherited) @executable_path/Frameworks";
				PRODUCT_BUNDLE_IDENTIFIER = "nyc.AccessCode.AC3-2-Programmatic-Layout-Practice";
				PRODUCT_NAME = "$(TARGET_NAME)";
				SWIFT_VERSION = 3.0;
			};
			name = Debug;
		};
		140AD8231E0BA0DA008C01A1 /* Release */ = {
			isa = XCBuildConfiguration;
			buildSettings = {
				ASSETCATALOG_COMPILER_APPICON_NAME = AppIcon;
				INFOPLIST_FILE = "AC3.2-Programmatic-Layout-Practice/Info.plist";
				IPHONEOS_DEPLOYMENT_TARGET = 10.0;
				LD_RUNPATH_SEARCH_PATHS = "$(inherited) @executable_path/Frameworks";
				PRODUCT_BUNDLE_IDENTIFIER = "nyc.AccessCode.AC3-2-Programmatic-Layout-Practice";
				PRODUCT_NAME = "$(TARGET_NAME)";
				SWIFT_VERSION = 3.0;
			};
			name = Release;
		};
/* End XCBuildConfiguration section */

/* Begin XCConfigurationList section */
		140AD80A1E0BA0DA008C01A1 /* Build configuration list for PBXProject "AC3.2-Programmatic-Layout-Practice" */ = {
			isa = XCConfigurationList;
			buildConfigurations = (
				140AD81F1E0BA0DA008C01A1 /* Debug */,
				140AD8201E0BA0DA008C01A1 /* Release */,
			);
			defaultConfigurationIsVisible = 0;
			defaultConfigurationName = Release;
		};
		140AD8211E0BA0DA008C01A1 /* Build configuration list for PBXNativeTarget "AC3.2-Programmatic-Layout-Practice" */ = {
			isa = XCConfigurationList;
			buildConfigurations = (
				140AD8221E0BA0DA008C01A1 /* Debug */,
				140AD8231E0BA0DA008C01A1 /* Release */,
			);
			defaultConfigurationIsVisible = 0;
			defaultConfigurationName = Release;
		};
/* End XCConfigurationList section */
	};
	rootObject = 140AD8071E0BA0DA008C01A1 /* Project object */;
}
